
Microsoft Visual Studio Solution File, Format Version 12.00
# Visual Studio 2013
VisualStudioVersion = 12.0.21005.1
MinimumVisualStudioVersion = 10.0.40219.1
Project("{2150E333-8FDC-42A3-9474-1A3956D46DE8}") = "Engine", "Engine", "{027EAFE6-5450-4043-AB43-06CA5C55E63F}"
EndProject
Project("{2150E333-8FDC-42A3-9474-1A3956D46DE8}") = "Games", "Games", "{C107CB33-736D-4BB0-9228-1603E23F0DC9}"
EndProject
Project("{8BC9CEB8-8B4A-11D0-8D11-00A0C91BC942}") = "ProjectIcarus", "Intermediate\ProjectFiles\ProjectIcarus.vcxproj", "{47FB0EB6-0725-4D01-B490-2BE49A33872A}"
EndProject
Project("{8BC9CEB8-8B4A-11D0-8D11-00A0C91BC942}") = "UE4", "Intermediate\ProjectFiles\UE4.vcxproj", "{3012A69B-6432-4BFC-9571-A0B12B7D7723}"
EndProject
Global
	GlobalSection(SolutionConfigurationPlatforms) = preSolution
		DebugGame Editor|Android = DebugGame Editor|Android
		DebugGame Editor|Windows = DebugGame Editor|Windows
		DebugGame|Android = DebugGame|Android
		DebugGame|Windows = DebugGame|Windows
		Development Editor|Android = Development Editor|Android
		Development Editor|Windows = Development Editor|Windows
		Development|Android = Development|Android
		Development|Windows = Development|Windows
		Shipping|Android = Shipping|Android
		Shipping|Windows = Shipping|Windows
	EndGlobalSection
	GlobalSection(ProjectConfigurationPlatforms) = postSolution
		{47FB0EB6-0725-4D01-B490-2BE49A33872A}.DebugGame Editor|Android.ActiveCfg = Development_Game|x64
		{47FB0EB6-0725-4D01-B490-2BE49A33872A}.DebugGame Editor|Windows.ActiveCfg = DebugGame_Editor|x64
		{47FB0EB6-0725-4D01-B490-2BE49A33872A}.DebugGame Editor|Windows.Build.0 = DebugGame_Editor|x64
		{47FB0EB6-0725-4D01-B490-2BE49A33872A}.DebugGame|Android.ActiveCfg = DebugGame_Game|Tegra-Android
		{47FB0EB6-0725-4D01-B490-2BE49A33872A}.DebugGame|Android.Build.0 = DebugGame_Game|Tegra-Android
		{47FB0EB6-0725-4D01-B490-2BE49A33872A}.DebugGame|Windows.ActiveCfg = DebugGame_Game|x64
		{47FB0EB6-0725-4D01-B490-2BE49A33872A}.DebugGame|Windows.Build.0 = DebugGame_Game|x64
		{47FB0EB6-0725-4D01-B490-2BE49A33872A}.Development Editor|Android.ActiveCfg = Development_Game|x64
		{47FB0EB6-0725-4D01-B490-2BE49A33872A}.Development Editor|Windows.ActiveCfg = Development_Editor|x64
		{47FB0EB6-0725-4D01-B490-2BE49A33872A}.Development Editor|Windows.Build.0 = Development_Editor|x64
		{47FB0EB6-0725-4D01-B490-2BE49A33872A}.Development|Android.ActiveCfg = Development_Game|Tegra-Android
		{47FB0EB6-0725-4D01-B490-2BE49A33872A}.Development|Android.Build.0 = Development_Game|Tegra-Android
		{47FB0EB6-0725-4D01-B490-2BE49A33872A}.Development|Windows.ActiveCfg = Development_Game|x64
		{47FB0EB6-0725-4D01-B490-2BE49A33872A}.Development|Windows.Build.0 = Development_Game|x64
		{47FB0EB6-0725-4D01-B490-2BE49A33872A}.Shipping|Android.ActiveCfg = Shipping_Game|Tegra-Android
		{47FB0EB6-0725-4D01-B490-2BE49A33872A}.Shipping|Android.Build.0 = Shipping_Game|Tegra-Android
		{47FB0EB6-0725-4D01-B490-2BE49A33872A}.Shipping|Windows.ActiveCfg = Shipping_Game|Win32
		{47FB0EB6-0725-4D01-B490-2BE49A33872A}.Shipping|Windows.Build.0 = Shipping_Game|Win32
		{3012A69B-6432-4BFC-9571-A0B12B7D7723}.DebugGame Editor|Android.ActiveCfg = BuiltWithUnrealBuildTool|Win32
		{3012A69B-6432-4BFC-9571-A0B12B7D7723}.DebugGame Editor|Windows.ActiveCfg = BuiltWithUnrealBuildTool|Win32
		{3012A69B-6432-4BFC-9571-A0B12B7D7723}.DebugGame|Android.ActiveCfg = BuiltWithUnrealBuildTool|Win32
		{3012A69B-6432-4BFC-9571-A0B12B7D7723}.DebugGame|Windows.ActiveCfg = BuiltWithUnrealBuildTool|Win32
		{3012A69B-6432-4BFC-9571-A0B12B7D7723}.Development Editor|Android.ActiveCfg = BuiltWithUnrealBuildTool|Win32
		{3012A69B-6432-4BFC-9571-A0B12B7D7723}.Development Editor|Windows.ActiveCfg = BuiltWithUnrealBuildTool|Win32
		{3012A69B-6432-4BFC-9571-A0B12B7D7723}.Development|Android.ActiveCfg = BuiltWithUnrealBuildTool|Win32
		{3012A69B-6432-4BFC-9571-A0B12B7D7723}.Development|Windows.ActiveCfg = BuiltWithUnrealBuildTool|Win32
		{3012A69B-6432-4BFC-9571-A0B12B7D7723}.Shipping|Android.ActiveCfg = BuiltWithUnrealBuildTool|Win32
		{3012A69B-6432-4BFC-9571-A0B12B7D7723}.Shipping|Windows.ActiveCfg = BuiltWithUnrealBuildTool|Win32
	EndGlobalSection
	GlobalSection(SolutionProperties) = preSolution
		HideSolutionNode = FALSE
	EndGlobalSection
	GlobalSection(NestedProjects) = preSolution
		{3012A69B-6432-4BFC-9571-A0B12B7D7723} = {027EAFE6-5450-4043-AB43-06CA5C55E63F}
		{47FB0EB6-0725-4D01-B490-2BE49A33872A} = {C107CB33-736D-4BB0-9228-1603E23F0DC9}
	EndGlobalSection
EndGlobal
